// !$*UTF8*$!
{
	archiveVersion = 1;
	classes = {
	};
	objectVersion = 46;
	objects = {

/* Begin PBXBuildFile section */
		5B449DCE1AD155B7004A09AA /* DetailViewController.swift in Sources */ = {isa = PBXBuildFile; fileRef = 5B449DCD1AD155B7004A09AA /* DetailViewController.swift */; };
		5B4947F11AD2547600E4570B /* Search.swift in Sources */ = {isa = PBXBuildFile; fileRef = 5B4947F01AD2547600E4570B /* Search.swift */; };
		5B4E72DF1AD1FA9400DFCFE3 /* GradientView.swift in Sources */ = {isa = PBXBuildFile; fileRef = 5B4E72DE1AD1FA9400DFCFE3 /* GradientView.swift */; };
		5B4E72E11AD1FF5F00DFCFE3 /* BounceAnimationController.swift in Sources */ = {isa = PBXBuildFile; fileRef = 5B4E72E01AD1FF5F00DFCFE3 /* BounceAnimationController.swift */; };
		5B4E72E31AD2035A00DFCFE3 /* SlideOutAnimationController.swift in Sources */ = {isa = PBXBuildFile; fileRef = 5B4E72E21AD2035A00DFCFE3 /* SlideOutAnimationController.swift */; };
		5B4E72E51AD2050E00DFCFE3 /* LandscapeViewController.swift in Sources */ = {isa = PBXBuildFile; fileRef = 5B4E72E41AD2050E00DFCFE3 /* LandscapeViewController.swift */; };
		5B4E72E71AD20CF400DFCFE3 /* FadeOutAnimationController.swift in Sources */ = {isa = PBXBuildFile; fileRef = 5B4E72E61AD20CF400DFCFE3 /* FadeOutAnimationController.swift */; };
		5B50C9341AD2A38D00AC3ACF /* NothingFoundCell.xib in Resources */ = {isa = PBXBuildFile; fileRef = 5B50C9361AD2A38D00AC3ACF /* NothingFoundCell.xib */; };
		5B50C9381AD2A4E800AC3ACF /* LoadingCell.xib in Resources */ = {isa = PBXBuildFile; fileRef = 5B50C93A1AD2A4E800AC3ACF /* LoadingCell.xib */; };
		5B50C93F1AD2A67000AC3ACF /* SearchResultCell.xib in Resources */ = {isa = PBXBuildFile; fileRef = 5B50C9411AD2A67000AC3ACF /* SearchResultCell.xib */; };
		5B50C9441AD2AA1F00AC3ACF /* Localizable.strings in Resources */ = {isa = PBXBuildFile; fileRef = 5B50C9421AD2AA1F00AC3ACF /* Localizable.strings */; };
		5B50C9481AD2AD2C00AC3ACF /* InfoPlist.strings in Resources */ = {isa = PBXBuildFile; fileRef = 5B50C94A1AD2AD2C00AC3ACF /* InfoPlist.strings */; };
		5B5108181AD0ACEB001F8D14 /* UIImageView+DownloadImage.swift in Sources */ = {isa = PBXBuildFile; fileRef = 5B5108171AD0ACEB001F8D14 /* UIImageView+DownloadImage.swift */; };
		5BADA6051ACF56FE00C6ABAF /* AppDelegate.swift in Sources */ = {isa = PBXBuildFile; fileRef = 5BADA6041ACF56FE00C6ABAF /* AppDelegate.swift */; };
		5BADA6071ACF56FE00C6ABAF /* SearchViewController.swift in Sources */ = {isa = PBXBuildFile; fileRef = 5BADA6061ACF56FE00C6ABAF /* SearchViewController.swift */; };
		5BADA60A1ACF56FE00C6ABAF /* Main.storyboard in Resources */ = {isa = PBXBuildFile; fileRef = 5BADA6081ACF56FE00C6ABAF /* Main.storyboard */; };
		5BADA60C1ACF56FE00C6ABAF /* Images.xcassets in Resources */ = {isa = PBXBuildFile; fileRef = 5BADA60B1ACF56FE00C6ABAF /* Images.xcassets */; };
		5BADA61B1ACF56FE00C6ABAF /* StoreSearchTests.swift in Sources */ = {isa = PBXBuildFile; fileRef = 5BADA61A1ACF56FE00C6ABAF /* StoreSearchTests.swift */; };
		5BADA6251ACF60FD00C6ABAF /* SearchResult.swift in Sources */ = {isa = PBXBuildFile; fileRef = 5BADA6241ACF60FD00C6ABAF /* SearchResult.swift */; };
		5BADA6291ACF6EB500C6ABAF /* SearchResultCell.swift in Sources */ = {isa = PBXBuildFile; fileRef = 5BADA6281ACF6EB500C6ABAF /* SearchResultCell.swift */; };
		5BE84A721AD15AA400AF0315 /* DimmingPresentationController.swift in Sources */ = {isa = PBXBuildFile; fileRef = 5BE84A711AD15AA400AF0315 /* DimmingPresentationController.swift */; };
/* End PBXBuildFile section */

/* Begin PBXContainerItemProxy section */
		5BADA6151ACF56FE00C6ABAF /* PBXContainerItemProxy */ = {
			isa = PBXContainerItemProxy;
			containerPortal = 5BADA5F71ACF56FE00C6ABAF /* Project object */;
			proxyType = 1;
			remoteGlobalIDString = 5BADA5FE1ACF56FE00C6ABAF;
			remoteInfo = StoreSearch;
		};
/* End PBXContainerItemProxy section */

/* Begin PBXFileReference section */
		5B449DCD1AD155B7004A09AA /* DetailViewController.swift */ = {isa = PBXFileReference; fileEncoding = 4; lastKnownFileType = sourcecode.swift; path = DetailViewController.swift; sourceTree = "<group>"; };
		5B4947F01AD2547600E4570B /* Search.swift */ = {isa = PBXFileReference; fileEncoding = 4; lastKnownFileType = sourcecode.swift; path = Search.swift; sourceTree = "<group>"; };
		5B4E72DE1AD1FA9400DFCFE3 /* GradientView.swift */ = {isa = PBXFileReference; fileEncoding = 4; lastKnownFileType = sourcecode.swift; path = GradientView.swift; sourceTree = "<group>"; };
		5B4E72E01AD1FF5F00DFCFE3 /* BounceAnimationController.swift */ = {isa = PBXFileReference; fileEncoding = 4; lastKnownFileType = sourcecode.swift; path = BounceAnimationController.swift; sourceTree = "<group>"; };
		5B4E72E21AD2035A00DFCFE3 /* SlideOutAnimationController.swift */ = {isa = PBXFileReference; fileEncoding = 4; lastKnownFileType = sourcecode.swift; path = SlideOutAnimationController.swift; sourceTree = "<group>"; };
		5B4E72E41AD2050E00DFCFE3 /* LandscapeViewController.swift */ = {isa = PBXFileReference; fileEncoding = 4; lastKnownFileType = sourcecode.swift; path = LandscapeViewController.swift; sourceTree = "<group>"; };
		5B4E72E61AD20CF400DFCFE3 /* FadeOutAnimationController.swift */ = {isa = PBXFileReference; fileEncoding = 4; lastKnownFileType = sourcecode.swift; path = FadeOutAnimationController.swift; sourceTree = "<group>"; };
		5B50C9351AD2A38D00AC3ACF /* en */ = {isa = PBXFileReference; lastKnownFileType = file.xib; name = en; path = en.lproj/NothingFoundCell.xib; sourceTree = "<group>"; };
		5B50C9371AD2A41000AC3ACF /* nl */ = {isa = PBXFileReference; lastKnownFileType = file.xib; name = nl; path = nl.lproj/NothingFoundCell.xib; sourceTree = "<group>"; };
		5B50C9391AD2A4E800AC3ACF /* Base */ = {isa = PBXFileReference; lastKnownFileType = file.xib; name = Base; path = Base.lproj/LoadingCell.xib; sourceTree = "<group>"; };
		5B50C93C1AD2A50900AC3ACF /* nl */ = {isa = PBXFileReference; lastKnownFileType = text.plist.strings; name = nl; path = nl.lproj/LoadingCell.strings; sourceTree = "<group>"; };
		5B50C93E1AD2A5D000AC3ACF /* nl */ = {isa = PBXFileReference; lastKnownFileType = text.plist.strings; name = nl; path = nl.lproj/Main.strings; sourceTree = "<group>"; };
		5B50C9401AD2A67000AC3ACF /* Base */ = {isa = PBXFileReference; lastKnownFileType = file.xib; name = Base; path = Base.lproj/SearchResultCell.xib; sourceTree = "<group>"; };
		5B50C9431AD2AA1F00AC3ACF /* en */ = {isa = PBXFileReference; lastKnownFileType = text.plist.strings; name = en; path = en.lproj/Localizable.strings; sourceTree = "<group>"; };
		5B50C9451AD2AA7500AC3ACF /* nl */ = {isa = PBXFileReference; lastKnownFileType = text.plist.strings; name = nl; path = nl.lproj/Localizable.strings; sourceTree = "<group>"; };
		5B50C9491AD2AD2C00AC3ACF /* Base */ = {isa = PBXFileReference; lastKnownFileType = text.plist.strings; name = Base; path = Base.lproj/InfoPlist.strings; sourceTree = "<group>"; };
		5B50C94B1AD2AD2D00AC3ACF /* nl */ = {isa = PBXFileReference; lastKnownFileType = text.plist.strings; name = nl; path = nl.lproj/InfoPlist.strings; sourceTree = "<group>"; };
		5B5108171AD0ACEB001F8D14 /* UIImageView+DownloadImage.swift */ = {isa = PBXFileReference; fileEncoding = 4; lastKnownFileType = sourcecode.swift; path = "UIImageView+DownloadImage.swift"; sourceTree = "<group>"; };
		5BADA5FF1ACF56FE00C6ABAF /* StoreSearch.app */ = {isa = PBXFileReference; explicitFileType = wrapper.application; includeInIndex = 0; path = StoreSearch.app; sourceTree = BUILT_PRODUCTS_DIR; };
		5BADA6031ACF56FE00C6ABAF /* Info.plist */ = {isa = PBXFileReference; lastKnownFileType = text.plist.xml; path = Info.plist; sourceTree = "<group>"; };
		5BADA6041ACF56FE00C6ABAF /* AppDelegate.swift */ = {isa = PBXFileReference; lastKnownFileType = sourcecode.swift; path = AppDelegate.swift; sourceTree = "<group>"; };
		5BADA6061ACF56FE00C6ABAF /* SearchViewController.swift */ = {isa = PBXFileReference; lastKnownFileType = sourcecode.swift; path = SearchViewController.swift; sourceTree = "<group>"; };
		5BADA6091ACF56FE00C6ABAF /* Base */ = {isa = PBXFileReference; lastKnownFileType = file.storyboard; name = Base; path = Base.lproj/Main.storyboard; sourceTree = "<group>"; };
		5BADA60B1ACF56FE00C6ABAF /* Images.xcassets */ = {isa = PBXFileReference; lastKnownFileType = folder.assetcatalog; path = Images.xcassets; sourceTree = "<group>"; };
		5BADA6141ACF56FE00C6ABAF /* StoreSearchTests.xctest */ = {isa = PBXFileReference; explicitFileType = wrapper.cfbundle; includeInIndex = 0; path = StoreSearchTests.xctest; sourceTree = BUILT_PRODUCTS_DIR; };
		5BADA6191ACF56FE00C6ABAF /* Info.plist */ = {isa = PBXFileReference; lastKnownFileType = text.plist.xml; path = Info.plist; sourceTree = "<group>"; };
		5BADA61A1ACF56FE00C6ABAF /* StoreSearchTests.swift */ = {isa = PBXFileReference; lastKnownFileType = sourcecode.swift; path = StoreSearchTests.swift; sourceTree = "<group>"; };
		5BADA6241ACF60FD00C6ABAF /* SearchResult.swift */ = {isa = PBXFileReference; fileEncoding = 4; lastKnownFileType = sourcecode.swift; path = SearchResult.swift; sourceTree = "<group>"; };
		5BADA6281ACF6EB500C6ABAF /* SearchResultCell.swift */ = {isa = PBXFileReference; fileEncoding = 4; lastKnownFileType = sourcecode.swift; path = SearchResultCell.swift; sourceTree = "<group>"; };
		5BE84A711AD15AA400AF0315 /* DimmingPresentationController.swift */ = {isa = PBXFileReference; fileEncoding = 4; lastKnownFileType = sourcecode.swift; path = DimmingPresentationController.swift; sourceTree = "<group>"; };
/* End PBXFileReference section */

/* Begin PBXFrameworksBuildPhase section */
		5BADA5FC1ACF56FE00C6ABAF /* Frameworks */ = {
			isa = PBXFrameworksBuildPhase;
			buildActionMask = 2147483647;
			files = (
			);
			runOnlyForDeploymentPostprocessing = 0;
		};
		5BADA6111ACF56FE00C6ABAF /* Frameworks */ = {
			isa = PBXFrameworksBuildPhase;
			buildActionMask = 2147483647;
			files = (
			);
			runOnlyForDeploymentPostprocessing = 0;
		};
/* End PBXFrameworksBuildPhase section */

/* Begin PBXGroup section */
		5BADA5F61ACF56FE00C6ABAF = {
			isa = PBXGroup;
			children = (
				5BADA6011ACF56FE00C6ABAF /* StoreSearch */,
				5BADA6171ACF56FE00C6ABAF /* StoreSearchTests */,
				5BADA6001ACF56FE00C6ABAF /* Products */,
			);
			sourceTree = "<group>";
		};
		5BADA6001ACF56FE00C6ABAF /* Products */ = {
			isa = PBXGroup;
			children = (
				5BADA5FF1ACF56FE00C6ABAF /* StoreSearch.app */,
				5BADA6141ACF56FE00C6ABAF /* StoreSearchTests.xctest */,
			);
			name = Products;
			sourceTree = "<group>";
		};
		5BADA6011ACF56FE00C6ABAF /* StoreSearch */ = {
			isa = PBXGroup;
			children = (
				5BADA6041ACF56FE00C6ABAF /* AppDelegate.swift */,
				5B4E72E01AD1FF5F00DFCFE3 /* BounceAnimationController.swift */,
				5B449DCD1AD155B7004A09AA /* DetailViewController.swift */,
				5BE84A711AD15AA400AF0315 /* DimmingPresentationController.swift */,
				5B4E72E61AD20CF400DFCFE3 /* FadeOutAnimationController.swift */,
				5B4E72DE1AD1FA9400DFCFE3 /* GradientView.swift */,
				5B50C94A1AD2AD2C00AC3ACF /* InfoPlist.strings */,
				5B4E72E41AD2050E00DFCFE3 /* LandscapeViewController.swift */,
				5B50C93A1AD2A4E800AC3ACF /* LoadingCell.xib */,
				5BADA6081ACF56FE00C6ABAF /* Main.storyboard */,
				5B50C9361AD2A38D00AC3ACF /* NothingFoundCell.xib */,
				5B4947F01AD2547600E4570B /* Search.swift */,
				5BADA6241ACF60FD00C6ABAF /* SearchResult.swift */,
				5BADA6281ACF6EB500C6ABAF /* SearchResultCell.swift */,
				5B50C9411AD2A67000AC3ACF /* SearchResultCell.xib */,
				5BADA6061ACF56FE00C6ABAF /* SearchViewController.swift */,
				5B4E72E21AD2035A00DFCFE3 /* SlideOutAnimationController.swift */,
				5BADA6021ACF56FE00C6ABAF /* Supporting Files */,
				5B5108171AD0ACEB001F8D14 /* UIImageView+DownloadImage.swift */,
			);
			path = StoreSearch;
			sourceTree = "<group>";
		};
		5BADA6021ACF56FE00C6ABAF /* Supporting Files */ = {
			isa = PBXGroup;
			children = (
				5B50C9421AD2AA1F00AC3ACF /* Localizable.strings */,
				5BADA60B1ACF56FE00C6ABAF /* Images.xcassets */,
				5BADA6031ACF56FE00C6ABAF /* Info.plist */,
			);
			name = "Supporting Files";
			sourceTree = "<group>";
		};
		5BADA6171ACF56FE00C6ABAF /* StoreSearchTests */ = {
			isa = PBXGroup;
			children = (
				5BADA61A1ACF56FE00C6ABAF /* StoreSearchTests.swift */,
				5BADA6181ACF56FE00C6ABAF /* Supporting Files */,
			);
			path = StoreSearchTests;
			sourceTree = "<group>";
		};
		5BADA6181ACF56FE00C6ABAF /* Supporting Files */ = {
			isa = PBXGroup;
			children = (
				5BADA6191ACF56FE00C6ABAF /* Info.plist */,
			);
			name = "Supporting Files";
			sourceTree = "<group>";
		};
/* End PBXGroup section */

/* Begin PBXNativeTarget section */
		5BADA5FE1ACF56FE00C6ABAF /* StoreSearch */ = {
			isa = PBXNativeTarget;
			buildConfigurationList = 5BADA61E1ACF56FE00C6ABAF /* Build configuration list for PBXNativeTarget "StoreSearch" */;
			buildPhases = (
				5BADA5FB1ACF56FE00C6ABAF /* Sources */,
				5BADA5FC1ACF56FE00C6ABAF /* Frameworks */,
				5BADA5FD1ACF56FE00C6ABAF /* Resources */,
			);
			buildRules = (
			);
			dependencies = (
			);
			name = StoreSearch;
			productName = StoreSearch;
			productReference = 5BADA5FF1ACF56FE00C6ABAF /* StoreSearch.app */;
			productType = "com.apple.product-type.application";
		};
		5BADA6131ACF56FE00C6ABAF /* StoreSearchTests */ = {
			isa = PBXNativeTarget;
			buildConfigurationList = 5BADA6211ACF56FE00C6ABAF /* Build configuration list for PBXNativeTarget "StoreSearchTests" */;
			buildPhases = (
				5BADA6101ACF56FE00C6ABAF /* Sources */,
				5BADA6111ACF56FE00C6ABAF /* Frameworks */,
				5BADA6121ACF56FE00C6ABAF /* Resources */,
			);
			buildRules = (
			);
			dependencies = (
				5BADA6161ACF56FE00C6ABAF /* PBXTargetDependency */,
			);
			name = StoreSearchTests;
			productName = StoreSearchTests;
			productReference = 5BADA6141ACF56FE00C6ABAF /* StoreSearchTests.xctest */;
			productType = "com.apple.product-type.bundle.unit-test";
		};
/* End PBXNativeTarget section */

/* Begin PBXProject section */
		5BADA5F71ACF56FE00C6ABAF /* Project object */ = {
			isa = PBXProject;
			attributes = {
				LastUpgradeCheck = 0620;
				ORGANIZATIONNAME = roy;
				TargetAttributes = {
					5BADA5FE1ACF56FE00C6ABAF = {
						CreatedOnToolsVersion = 6.2;
					};
					5BADA6131ACF56FE00C6ABAF = {
						CreatedOnToolsVersion = 6.2;
						TestTargetID = 5BADA5FE1ACF56FE00C6ABAF;
					};
				};
			};
			buildConfigurationList = 5BADA5FA1ACF56FE00C6ABAF /* Build configuration list for PBXProject "StoreSearch" */;
			compatibilityVersion = "Xcode 3.2";
			developmentRegion = English;
			hasScannedForEncodings = 0;
			knownRegions = (
				en,
				Base,
				nl,
			);
			mainGroup = 5BADA5F61ACF56FE00C6ABAF;
			productRefGroup = 5BADA6001ACF56FE00C6ABAF /* Products */;
			projectDirPath = "";
			projectRoot = "";
			targets = (
				5BADA5FE1ACF56FE00C6ABAF /* StoreSearch */,
				5BADA6131ACF56FE00C6ABAF /* StoreSearchTests */,
			);
		};
/* End PBXProject section */

/* Begin PBXResourcesBuildPhase section */
		5BADA5FD1ACF56FE00C6ABAF /* Resources */ = {
			isa = PBXResourcesBuildPhase;
			buildActionMask = 2147483647;
			files = (
				5BADA60A1ACF56FE00C6ABAF /* Main.storyboard in Resources */,
				5B50C9481AD2AD2C00AC3ACF /* InfoPlist.strings in Resources */,
				5B50C9441AD2AA1F00AC3ACF /* Localizable.strings in Resources */,
				5B50C9381AD2A4E800AC3ACF /* LoadingCell.xib in Resources */,
				5B50C93F1AD2A67000AC3ACF /* SearchResultCell.xib in Resources */,
				5B50C9341AD2A38D00AC3ACF /* NothingFoundCell.xib in Resources */,
				5BADA60C1ACF56FE00C6ABAF /* Images.xcassets in Resources */,
			);
			runOnlyForDeploymentPostprocessing = 0;
		};
		5BADA6121ACF56FE00C6ABAF /* Resources */ = {
			isa = PBXResourcesBuildPhase;
			buildActionMask = 2147483647;
			files = (
			);
			runOnlyForDeploymentPostprocessing = 0;
		};
/* End PBXResourcesBuildPhase section */

/* Begin PBXSourcesBuildPhase section */
		5BADA5FB1ACF56FE00C6ABAF /* Sources */ = {
			isa = PBXSourcesBuildPhase;
			buildActionMask = 2147483647;
			files = (
				5B4947F11AD2547600E4570B /* Search.swift in Sources */,
				5BADA6071ACF56FE00C6ABAF /* SearchViewController.swift in Sources */,
				5BE84A721AD15AA400AF0315 /* DimmingPresentationController.swift in Sources */,
				5B4E72E71AD20CF400DFCFE3 /* FadeOutAnimationController.swift in Sources */,
				5BADA6251ACF60FD00C6ABAF /* SearchResult.swift in Sources */,
				5BADA6291ACF6EB500C6ABAF /* SearchResultCell.swift in Sources */,
				5B4E72E11AD1FF5F00DFCFE3 /* BounceAnimationController.swift in Sources */,
				5B4E72E51AD2050E00DFCFE3 /* LandscapeViewController.swift in Sources */,
				5B449DCE1AD155B7004A09AA /* DetailViewController.swift in Sources */,
				5BADA6051ACF56FE00C6ABAF /* AppDelegate.swift in Sources */,
				5B4E72DF1AD1FA9400DFCFE3 /* GradientView.swift in Sources */,
				5B5108181AD0ACEB001F8D14 /* UIImageView+DownloadImage.swift in Sources */,
				5B4E72E31AD2035A00DFCFE3 /* SlideOutAnimationController.swift in Sources */,
			);
			runOnlyForDeploymentPostprocessing = 0;
		};
		5BADA6101ACF56FE00C6ABAF /* Sources */ = {
			isa = PBXSourcesBuildPhase;
			buildActionMask = 2147483647;
			files = (
				5BADA61B1ACF56FE00C6ABAF /* StoreSearchTests.swift in Sources */,
			);
			runOnlyForDeploymentPostprocessing = 0;
		};
/* End PBXSourcesBuildPhase section */

/* Begin PBXTargetDependency section */
		5BADA6161ACF56FE00C6ABAF /* PBXTargetDependency */ = {
			isa = PBXTargetDependency;
			target = 5BADA5FE1ACF56FE00C6ABAF /* StoreSearch */;
			targetProxy = 5BADA6151ACF56FE00C6ABAF /* PBXContainerItemProxy */;
		};
/* End PBXTargetDependency section */

/* Begin PBXVariantGroup section */
		5B50C9361AD2A38D00AC3ACF /* NothingFoundCell.xib */ = {
			isa = PBXVariantGroup;
			children = (
				5B50C9351AD2A38D00AC3ACF /* en */,
				5B50C9371AD2A41000AC3ACF /* nl */,
			);
			name = NothingFoundCell.xib;
			sourceTree = "<group>";
		};
		5B50C93A1AD2A4E800AC3ACF /* LoadingCell.xib */ = {
			isa = PBXVariantGroup;
			children = (
				5B50C9391AD2A4E800AC3ACF /* Base */,
				5B50C93C1AD2A50900AC3ACF /* nl */,
			);
			name = LoadingCell.xib;
			sourceTree = "<group>";
		};
		5B50C9411AD2A67000AC3ACF /* SearchResultCell.xib */ = {
			isa = PBXVariantGroup;
			children = (
				5B50C9401AD2A67000AC3ACF /* Base */,
			);
			name = SearchResultCell.xib;
			sourceTree = "<group>";
		};
		5B50C9421AD2AA1F00AC3ACF /* Localizable.strings */ = {
			isa = PBXVariantGroup;
			children = (
				5B50C9431AD2AA1F00AC3ACF /* en */,
				5B50C9451AD2AA7500AC3ACF /* nl */,
			);
			name = Localizable.strings;
			sourceTree = "<group>";
		};
		5B50C94A1AD2AD2C00AC3ACF /* InfoPlist.strings */ = {
			isa = PBXVariantGroup;
			children = (
				5B50C9491AD2AD2C00AC3ACF /* Base */,
				5B50C94B1AD2AD2D00AC3ACF /* nl */,
			);
			name = InfoPlist.strings;
			sourceTree = "<group>";
		};
		5BADA6081ACF56FE00C6ABAF /* Main.storyboard */ = {
			isa = PBXVariantGroup;
			children = (
				5BADA6091ACF56FE00C6ABAF /* Base */,
				5B50C93E1AD2A5D000AC3ACF /* nl */,
			);
			name = Main.storyboard;
			sourceTree = "<group>";
		};
/* End PBXVariantGroup section */

/* Begin XCBuildConfiguration section */
		5BADA61C1ACF56FE00C6ABAF /* Debug */ = {
			isa = XCBuildConfiguration;
			buildSettings = {
				ALWAYS_SEARCH_USER_PATHS = NO;
				CLANG_CXX_LANGUAGE_STANDARD = "gnu++0x";
				CLANG_CXX_LIBRARY = "libc++";
				CLANG_ENABLE_MODULES = YES;
				CLANG_ENABLE_OBJC_ARC = YES;
				CLANG_WARN_BOOL_CONVERSION = YES;
				CLANG_WARN_CONSTANT_CONVERSION = YES;
				CLANG_WARN_DIRECT_OBJC_ISA_USAGE = YES_ERROR;
				CLANG_WARN_EMPTY_BODY = YES;
				CLANG_WARN_ENUM_CONVERSION = YES;
				CLANG_WARN_INT_CONVERSION = YES;
				CLANG_WARN_OBJC_ROOT_CLASS = YES_ERROR;
				CLANG_WARN_UNREACHABLE_CODE = YES;
				CLANG_WARN__DUPLICATE_METHOD_MATCH = YES;
				"CODE_SIGN_IDENTITY[sdk=iphoneos*]" = "iPhone Developer";
				COPY_PHASE_STRIP = NO;
				ENABLE_STRICT_OBJC_MSGSEND = YES;
				GCC_C_LANGUAGE_STANDARD = gnu99;
				GCC_DYNAMIC_NO_PIC = NO;
				GCC_OPTIMIZATION_LEVEL = 0;
				GCC_PREPROCESSOR_DEFINITIONS = (
					"DEBUG=1",
					"$(inherited)",
				);
				GCC_SYMBOLS_PRIVATE_EXTERN = NO;
				GCC_WARN_64_TO_32_BIT_CONVERSION = YES;
				GCC_WARN_ABOUT_RETURN_TYPE = YES_ERROR;
				GCC_WARN_UNDECLARED_SELECTOR = YES;
				GCC_WARN_UNINITIALIZED_AUTOS = YES_AGGRESSIVE;
				GCC_WARN_UNUSED_FUNCTION = YES;
				GCC_WARN_UNUSED_VARIABLE = YES;
				IPHONEOS_DEPLOYMENT_TARGET = 8.2;
				MTL_ENABLE_DEBUG_INFO = YES;
				ONLY_ACTIVE_ARCH = YES;
				SDKROOT = iphoneos;
				SWIFT_OPTIMIZATION_LEVEL = "-Onone";
			};
			name = Debug;
		};
		5BADA61D1ACF56FE00C6ABAF /* Release */ = {
			isa = XCBuildConfiguration;
			buildSettings = {
				ALWAYS_SEARCH_USER_PATHS = NO;
				CLANG_CXX_LANGUAGE_STANDARD = "gnu++0x";
				CLANG_CXX_LIBRARY = "libc++";
				CLANG_ENABLE_MODULES = YES;
				CLANG_ENABLE_OBJC_ARC = YES;
				CLANG_WARN_BOOL_CONVERSION = YES;
				CLANG_WARN_CONSTANT_CONVERSION = YES;
				CLANG_WARN_DIRECT_OBJC_ISA_USAGE = YES_ERROR;
				CLANG_WARN_EMPTY_BODY = YES;
				CLANG_WARN_ENUM_CONVERSION = YES;
				CLANG_WARN_INT_CONVERSION = YES;
				CLANG_WARN_OBJC_ROOT_CLASS = YES_ERROR;
				CLANG_WARN_UNREACHABLE_CODE = YES;
				CLANG_WARN__DUPLICATE_METHOD_MATCH = YES;
				"CODE_SIGN_IDENTITY[sdk=iphoneos*]" = "iPhone Developer";
				COPY_PHASE_STRIP = NO;
				ENABLE_NS_ASSERTIONS = NO;
				ENABLE_STRICT_OBJC_MSGSEND = YES;
				GCC_C_LANGUAGE_STANDARD = gnu99;
				GCC_WARN_64_TO_32_BIT_CONVERSION = YES;
				GCC_WARN_ABOUT_RETURN_TYPE = YES_ERROR;
				GCC_WARN_UNDECLARED_SELECTOR = YES;
				GCC_WARN_UNINITIALIZED_AUTOS = YES_AGGRESSIVE;
				GCC_WARN_UNUSED_FUNCTION = YES;
				GCC_WARN_UNUSED_VARIABLE = YES;
				IPHONEOS_DEPLOYMENT_TARGET = 8.2;
				MTL_ENABLE_DEBUG_INFO = NO;
				SDKROOT = iphoneos;
				VALIDATE_PRODUCT = YES;
			};
			name = Release;
		};
		5BADA61F1ACF56FE00C6ABAF /* Debug */ = {
			isa = XCBuildConfiguration;
			buildSettings = {
				ASSETCATALOG_COMPILER_APPICON_NAME = AppIcon;
				INFOPLIST_FILE = StoreSearch/Info.plist;
				LD_RUNPATH_SEARCH_PATHS = "$(inherited) @executable_path/Frameworks";
				PRODUCT_NAME = "$(TARGET_NAME)";
				TARGETED_DEVICE_FAMILY = "1,2";
			};
			name = Debug;
		};
		5BADA6201ACF56FE00C6ABAF /* Release */ = {
			isa = XCBuildConfiguration;
			buildSettings = {
				ASSETCATALOG_COMPILER_APPICON_NAME = AppIcon;
				INFOPLIST_FILE = StoreSearch/Info.plist;
				LD_RUNPATH_SEARCH_PATHS = "$(inherited) @executable_path/Frameworks";
				PRODUCT_NAME = "$(TARGET_NAME)";
				TARGETED_DEVICE_FAMILY = "1,2";
			};
			name = Release;
		};
		5BADA6221ACF56FE00C6ABAF /* Debug */ = {
			isa = XCBuildConfiguration;
			buildSettings = {
				BUNDLE_LOADER = "$(TEST_HOST)";
				FRAMEWORK_SEARCH_PATHS = (
					"$(SDKROOT)/Developer/Library/Frameworks",
					"$(inherited)",
				);
				GCC_PREPROCESSOR_DEFINITIONS = (
					"DEBUG=1",
					"$(inherited)",
				);
				INFOPLIST_FILE = StoreSearchTests/Info.plist;
				LD_RUNPATH_SEARCH_PATHS = "$(inherited) @executable_path/Frameworks @loader_path/Frameworks";
				PRODUCT_NAME = "$(TARGET_NAME)";
				TEST_HOST = "$(BUILT_PRODUCTS_DIR)/StoreSearch.app/StoreSearch";
			};
			name = Debug;
		};
		5BADA6231ACF56FE00C6ABAF /* Release */ = {
			isa = XCBuildConfiguration;
			buildSettings = {
				BUNDLE_LOADER = "$(TEST_HOST)";
				FRAMEWORK_SEARCH_PATHS = (
					"$(SDKROOT)/Developer/Library/Frameworks",
					"$(inherited)",
				);
				INFOPLIST_FILE = StoreSearchTests/Info.plist;
				LD_RUNPATH_SEARCH_PATHS = "$(inherited) @executable_path/Frameworks @loader_path/Frameworks";
				PRODUCT_NAME = "$(TARGET_NAME)";
				TEST_HOST = "$(BUILT_PRODUCTS_DIR)/StoreSearch.app/StoreSearch";
			};
			name = Release;
		};
/* End XCBuildConfiguration section */

/* Begin XCConfigurationList section */
		5BADA5FA1ACF56FE00C6ABAF /* Build configuration list for PBXProject "StoreSearch" */ = {
			isa = XCConfigurationList;
			buildConfigurations = (
				5BADA61C1ACF56FE00C6ABAF /* Debug */,
				5BADA61D1ACF56FE00C6ABAF /* Release */,
			);
			defaultConfigurationIsVisible = 0;
			defaultConfigurationName = Release;
		};
		5BADA61E1ACF56FE00C6ABAF /* Build configuration list for PBXNativeTarget "StoreSearch" */ = {
			isa = XCConfigurationList;
			buildConfigurations = (
				5BADA61F1ACF56FE00C6ABAF /* Debug */,
				5BADA6201ACF56FE00C6ABAF /* Release */,
			);
			defaultConfigurationIsVisible = 0;
			defaultConfigurationName = Release;
		};
		5BADA6211ACF56FE00C6ABAF /* Build configuration list for PBXNativeTarget "StoreSearchTests" */ = {
			isa = XCConfigurationList;
			buildConfigurations = (
				5BADA6221ACF56FE00C6ABAF /* Debug */,
				5BADA6231ACF56FE00C6ABAF /* Release */,
			);
			defaultConfigurationIsVisible = 0;
			defaultConfigurationName = Release;
		};
/* End XCConfigurationList section */
	};
	rootObject = 5BADA5F71ACF56FE00C6ABAF /* Project object */;
}
